# THIS IS AN AUTOGENERATED FILE. DO NOT EDIT THIS FILE DIRECTLY.
# yarn lockfile v1


prettier@3.8.0:
  version "3.8.0"
  resolved "https://registry.yarnpkg.com/prettier/-/prettier-3.8.0.tgz#f72cf71505133f40cfa2ef77a2668cdc558fcd69"
  integrity sha512-yEPsovQfpxYfgWNhCfECjG5AQaO+K3dp6XERmOepyPDVqcJm+bjyCVO3pmU+nAPe0N5dDvekfGezt/EIiRe1TA==
